// !$*UTF8*$!
{
	archiveVersion = 1;
	classes = {
	};
	objectVersion = 48;
	objects = {

/* Begin PBXBuildFile section */
		C20F18191F8D22C800D68B4F /* AppDelegate.m in Sources */ = {isa = PBXBuildFile; fileRef = C20F18181F8D22C800D68B4F /* AppDelegate.m */; };
		C20F181C1F8D22C800D68B4F /* ViewController.m in Sources */ = {isa = PBXBuildFile; fileRef = C20F181B1F8D22C800D68B4F /* ViewController.m */; };
		C20F181F1F8D22C800D68B4F /* Main.storyboard in Resources */ = {isa = PBXBuildFile; fileRef = C20F181D1F8D22C800D68B4F /* Main.storyboard */; };
		C20F18211F8D22C800D68B4F /* Assets.xcassets in Resources */ = {isa = PBXBuildFile; fileRef = C20F18201F8D22C800D68B4F /* Assets.xcassets */; };
		C20F18241F8D22C800D68B4F /* LaunchScreen.storyboard in Resources */ = {isa = PBXBuildFile; fileRef = C20F18221F8D22C800D68B4F /* LaunchScreen.storyboard */; };
		C20F18271F8D22C800D68B4F /* main.m in Sources */ = {isa = PBXBuildFile; fileRef = C20F18261F8D22C800D68B4F /* main.m */; };
		C20F18321F8D231300D68B4F /* WBAddressPickerView.m in Sources */ = {isa = PBXBuildFile; fileRef = C20F182F1F8D22FC00D68B4F /* WBAddressPickerView.m */; };
		C20F18331F8D232700D68B4F /* addressData.plist in Resources */ = {isa = PBXBuildFile; fileRef = C20F18311F8D230700D68B4F /* addressData.plist */; };
/* End PBXBuildFile section */

/* Begin PBXFileReference section */
		C20F18141F8D22C800D68B4F /* Demo.app */ = {isa = PBXFileReference; explicitFileType = wrapper.application; includeInIndex = 0; path = Demo.app; sourceTree = BUILT_PRODUCTS_DIR; };
		C20F18171F8D22C800D68B4F /* AppDelegate.h */ = {isa = PBXFileReference; lastKnownFileType = sourcecode.c.h; path = AppDelegate.h; sourceTree = "<group>"; };
		C20F18181F8D22C800D68B4F /* AppDelegate.m */ = {isa = PBXFileReference; lastKnownFileType = sourcecode.c.objc; path = AppDelegate.m; sourceTree = "<group>"; };
		C20F181A1F8D22C800D68B4F /* ViewController.h */ = {isa = PBXFileReference; lastKnownFileType = sourcecode.c.h; path = ViewController.h; sourceTree = "<group>"; };
		C20F181B1F8D22C800D68B4F /* ViewController.m */ = {isa = PBXFileReference; lastKnownFileType = sourcecode.c.objc; path = ViewController.m; sourceTree = "<group>"; };
		C20F181E1F8D22C800D68B4F /* Base */ = {isa = PBXFileReference; lastKnownFileType = file.storyboard; name = Base; path = Base.lproj/Main.storyboard; sourceTree = "<group>"; };
		C20F18201F8D22C800D68B4F /* Assets.xcassets */ = {isa = PBXFileReference; lastKnownFileType = folder.assetcatalog; path = Assets.xcassets; sourceTree = "<group>"; };
		C20F18231F8D22C800D68B4F /* Base */ = {isa = PBXFileReference; lastKnownFileType = file.storyboard; name = Base; path = Base.lproj/LaunchScreen.storyboard; sourceTree = "<group>"; };
		C20F18251F8D22C800D68B4F /* Info.plist */ = {isa = PBXFileReference; lastKnownFileType = text.plist.xml; path = Info.plist; sourceTree = "<group>"; };
		C20F18261F8D22C800D68B4F /* main.m */ = {isa = PBXFileReference; lastKnownFileType = sourcecode.c.objc; path = main.m; sourceTree = "<group>"; };
		C20F182E1F8D22FC00D68B4F /* WBAddressPickerView.h */ = {isa = PBXFileReference; lastKnownFileType = sourcecode.c.h; path = WBAddressPickerView.h; sourceTree = "<group>"; };
		C20F182F1F8D22FC00D68B4F /* WBAddressPickerView.m */ = {isa = PBXFileReference; lastKnownFileType = sourcecode.c.objc; path = WBAddressPickerView.m; sourceTree = "<group>"; };
		C20F18311F8D230700D68B4F /* addressData.plist */ = {isa = PBXFileReference; lastKnownFileType = text.plist.xml; path = addressData.plist; sourceTree = "<group>"; };
/* End PBXFileReference section */

/* Begin PBXFrameworksBuildPhase section */
		C20F18111F8D22C800D68B4F /* Frameworks */ = {
			isa = PBXFrameworksBuildPhase;
			buildActionMask = 2147483647;
			files = (
			);
			runOnlyForDeploymentPostprocessing = 0;
		};
/* End PBXFrameworksBuildPhase section */

/* Begin PBXGroup section */
		C20F180B1F8D22C800D68B4F = {
			isa = PBXGroup;
			children = (
				C20F18161F8D22C800D68B4F /* Demo */,
				C20F18151F8D22C800D68B4F /* Products */,
			);
			sourceTree = "<group>";
		};
		C20F18151F8D22C800D68B4F /* Products */ = {
			isa = PBXGroup;
			children = (
				C20F18141F8D22C800D68B4F /* Demo.app */,
			);
			name = Products;
			sourceTree = "<group>";
		};
		C20F18161F8D22C800D68B4F /* Demo */ = {
			isa = PBXGroup;
			children = (
				C20F182D1F8D22E200D68B4F /* WBAddressPickerView */,
				C20F18171F8D22C800D68B4F /* AppDelegate.h */,
				C20F18181F8D22C800D68B4F /* AppDelegate.m */,
				C20F181A1F8D22C800D68B4F /* ViewController.h */,
				C20F181B1F8D22C800D68B4F /* ViewController.m */,
				C20F181D1F8D22C800D68B4F /* Main.storyboard */,
				C20F18201F8D22C800D68B4F /* Assets.xcassets */,
				C20F18221F8D22C800D68B4F /* LaunchScreen.storyboard */,
				C20F18251F8D22C800D68B4F /* Info.plist */,
				C20F18261F8D22C800D68B4F /* main.m */,
			);
			path = Demo;
			sourceTree = "<group>";
		};
		C20F182D1F8D22E200D68B4F /* WBAddressPickerView */ = {
			isa = PBXGroup;
			children = (
				C20F18301F8D230700D68B4F /* Resource */,
				C20F182E1F8D22FC00D68B4F /* WBAddressPickerView.h */,
				C20F182F1F8D22FC00D68B4F /* WBAddressPickerView.m */,
			);
			path = WBAddressPickerView;
			sourceTree = "<group>";
		};
		C20F18301F8D230700D68B4F /* Resource */ = {
			isa = PBXGroup;
			children = (
				C20F18311F8D230700D68B4F /* addressData.plist */,
			);
			path = Resource;
			sourceTree = "<group>";
		};
/* End PBXGroup section */

/* Begin PBXNativeTarget section */
		C20F18131F8D22C800D68B4F /* Demo */ = {
			isa = PBXNativeTarget;
			buildConfigurationList = C20F182A1F8D22C800D68B4F /* Build configuration list for PBXNativeTarget "Demo" */;
			buildPhases = (
				C20F18101F8D22C800D68B4F /* Sources */,
				C20F18111F8D22C800D68B4F /* Frameworks */,
				C20F18121F8D22C800D68B4F /* Resources */,
			);
			buildRules = (
			);
			dependencies = (
			);
			name = Demo;
			productName = Demo;
			productReference = C20F18141F8D22C800D68B4F /* Demo.app */;
			productType = "com.apple.product-type.application";
		};
/* End PBXNativeTarget section */

/* Begin PBXProject section */
		C20F180C1F8D22C800D68B4F /* Project object */ = {
			isa = PBXProject;
			attributes = {
				LastUpgradeCheck = 0900;
				ORGANIZATIONNAME = WMB;
				TargetAttributes = {
					C20F18131F8D22C800D68B4F = {
						CreatedOnToolsVersion = 9.0;
						ProvisioningStyle = Automatic;
					};
				};
			};
			buildConfigurationList = C20F180F1F8D22C800D68B4F /* Build configuration list for PBXProject "Demo" */;
			compatibilityVersion = "Xcode 8.0";
			developmentRegion = en;
			hasScannedForEncodings = 0;
			knownRegions = (
				en,
				Base,
			);
			mainGroup = C20F180B1F8D22C800D68B4F;
			productRefGroup = C20F18151F8D22C800D68B4F /* Products */;
			projectDirPath = "";
			projectRoot = "";
			targets = (
				C20F18131F8D22C800D68B4F /* Demo */,
			);
		};
/* End PBXProject section */

/* Begin PBXResourcesBuildPhase section */
		C20F18121F8D22C800D68B4F /* Resources */ = {
			isa = PBXResourcesBuildPhase;
			buildActionMask = 2147483647;
			files = (
				C20F18331F8D232700D68B4F /* addressData.plist in Resources */,
				C20F18241F8D22C800D68B4F /* LaunchScreen.storyboard in Resources */,
				C20F18211F8D22C800D68B4F /* Assets.xcassets in Resources */,
				C20F181F1F8D22C800D68B4F /* Main.storyboard in Resources */,
			);
			runOnlyForDeploymentPostprocessing = 0;
		};
/* End PBXResourcesBuildPhase section */

/* Begin PBXSourcesBuildPhase section */
		C20F18101F8D22C800D68B4F /* Sources */ = {
			isa = PBXSourcesBuildPhase;
			buildActionMask = 2147483647;
			files = (
				C20F18321F8D231300D68B4F /* WBAddressPickerView.m in Sources */,
				C20F181C1F8D22C800D68B4F /* ViewController.m in Sources */,
				C20F18271F8D22C800D68B4F /* main.m in Sources */,
				C20F18191F8D22C800D68B4F /* AppDelegate.m in Sources */,
			);
			runOnlyForDeploymentPostprocessing = 0;
		};
/* End PBXSourcesBuildPhase section */

/* Begin PBXVariantGroup section */
		C20F181D1F8D22C800D68B4F /* Main.storyboard */ = {
			isa = PBXVariantGroup;
			children = (
				C20F181E1F8D22C800D68B4F /* Base */,
			);
			name = Main.storyboard;
			sourceTree = "<group>";
		};
		C20F18221F8D22C800D68B4F /* LaunchScreen.storyboard */ = {
			isa = PBXVariantGroup;
			children = (
				C20F18231F8D22C800D68B4F /* Base */,
			);
			name = LaunchScreen.storyboard;
			sourceTree = "<group>";
		};
/* End PBXVariantGroup section */

/* Begin XCBuildConfiguration section */
		C20F18281F8D22C800D68B4F /* Debug */ = {
			isa = XCBuildConfiguration;
			buildSettings = {
				ALWAYS_SEARCH_USER_PATHS = NO;
				CLANG_ANALYZER_NONNULL = YES;
				CLANG_ANALYZER_NUMBER_OBJECT_CONVERSION = YES_AGGRESSIVE;
				CLANG_CXX_LANGUAGE_STANDARD = "gnu++14";
				CLANG_CXX_LIBRARY = "libc++";
				CLANG_ENABLE_MODULES = YES;
				CLANG_ENABLE_OBJC_ARC = YES;
				CLANG_WARN_BLOCK_CAPTURE_AUTORELEASING = YES;
				CLANG_WARN_BOOL_CONVERSION = YES;
				CLANG_WARN_COMMA = YES;
				CLANG_WARN_CONSTANT_CONVERSION = YES;
				CLANG_WARN_DIRECT_OBJC_ISA_USAGE = YES_ERROR;
				CLANG_WARN_DOCUMENTATION_COMMENTS = YES;
				CLANG_WARN_EMPTY_BODY = YES;
				CLANG_WARN_ENUM_CONVERSION = YES;
				CLANG_WARN_INFINITE_RECURSION = YES;
				CLANG_WARN_INT_CONVERSION = YES;
				CLANG_WARN_NON_LITERAL_NULL_CONVERSION = YES;
				CLANG_WARN_OBJC_LITERAL_CONVERSION = YES;
				CLANG_WARN_OBJC_ROOT_CLASS = YES_ERROR;
				CLANG_WARN_RANGE_LOOP_ANALYSIS = YES;
				CLANG_WARN_STRICT_PROTOTYPES = YES;
				CLANG_WARN_SUSPICIOUS_MOVE = YES;
				CLANG_WARN_UNGUARDED_AVAILABILITY = YES_AGGRESSIVE;
				CLANG_WARN_UNREACHABLE_CODE = YES;
				CLANG_WARN__DUPLICATE_METHOD_MATCH = YES;
				CODE_SIGN_IDENTITY = "iPhone Developer";
				COPY_PHASE_STRIP = NO;
				DEBUG_INFORMATION_FORMAT = dwarf;
				ENABLE_STRICT_OBJC_MSGSEND = YES;
				ENABLE_TESTABILITY = YES;
				GCC_C_LANGUAGE_STANDARD = gnu11;
				GCC_DYNAMIC_NO_PIC = NO;
				GCC_NO_COMMON_BLOCKS = YES;
				GCC_OPTIMIZATION_LEVEL = 0;
				GCC_PREPROCESSOR_DEFINITIONS = (
					"DEBUG=1",
					"$(inherited)",
				);
				GCC_WARN_64_TO_32_BIT_CONVERSION = YES;
				GCC_WARN_ABOUT_RETURN_TYPE = YES_ERROR;
				GCC_WARN_UNDECLARED_SELECTOR = YES;
				GCC_WARN_UNINITIALIZED_AUTOS = YES_AGGRESSIVE;
				GCC_WARN_UNUSED_FUNCTION = YES;
				GCC_WARN_UNUSED_VARIABLE = YES;
				IPHONEOS_DEPLOYMENT_TARGET = 11.0;
				MTL_ENABLE_DEBUG_INFO = YES;
				ONLY_ACTIVE_ARCH = YES;
				SDKROOT = iphoneos;
			};
			name = Debug;
		};
		C20F18291F8D22C800D68B4F /* Release */ = {
			isa = XCBuildConfiguration;
			buildSettings = {
				ALWAYS_SEARCH_USER_PATHS = NO;
				CLANG_ANALYZER_NONNULL = YES;
				CLANG_ANALYZER_NUMBER_OBJECT_CONVERSION = YES_AGGRESSIVE;
				CLANG_CXX_LANGUAGE_STANDARD = "gnu++14";
				CLANG_CXX_LIBRARY = "libc++";
				CLANG_ENABLE_MODULES = YES;
				CLANG_ENABLE_OBJC_ARC = YES;
				CLANG_WARN_BLOCK_CAPTURE_AUTORELEASING = YES;
				CLANG_WARN_BOOL_CONVERSION = YES;
				CLANG_WARN_COMMA = YES;
				CLANG_WARN_CONSTANT_CONVERSION = YES;
				CLANG_WARN_DIRECT_OBJC_ISA_USAGE = YES_ERROR;
				CLANG_WARN_DOCUMENTATION_COMMENTS = YES;
				CLANG_WARN_EMPTY_BODY = YES;
				CLANG_WARN_ENUM_CONVERSION = YES;
				CLANG_WARN_INFINITE_RECURSION = YES;
				CLANG_WARN_INT_CONVERSION = YES;
				CLANG_WARN_NON_LITERAL_NULL_CONVERSION = YES;
				CLANG_WARN_OBJC_LITERAL_CONVERSION = YES;
				CLANG_WARN_OBJC_ROOT_CLASS = YES_ERROR;
				CLANG_WARN_RANGE_LOOP_ANALYSIS = YES;
				CLANG_WARN_STRICT_PROTOTYPES = YES;
				CLANG_WARN_SUSPICIOUS_MOVE = YES;
				CLANG_WARN_UNGUARDED_AVAILABILITY = YES_AGGRESSIVE;
				CLANG_WARN_UNREACHABLE_CODE = YES;
				CLANG_WARN__DUPLICATE_METHOD_MATCH = YES;
				CODE_SIGN_IDENTITY = "iPhone Developer";
				COPY_PHASE_STRIP = NO;
				DEBUG_INFORMATION_FORMAT = "dwarf-with-dsym";
				ENABLE_NS_ASSERTIONS = NO;
				ENABLE_STRICT_OBJC_MSGSEND = YES;
				GCC_C_LANGUAGE_STANDARD = gnu11;
				GCC_NO_COMMON_BLOCKS = YES;
				GCC_WARN_64_TO_32_BIT_CONVERSION = YES;
				GCC_WARN_ABOUT_RETURN_TYPE = YES_ERROR;
				GCC_WARN_UNDECLARED_SELECTOR = YES;
				GCC_WARN_UNINITIALIZED_AUTOS = YES_AGGRESSIVE;
				GCC_WARN_UNUSED_FUNCTION = YES;
				GCC_WARN_UNUSED_VARIABLE = YES;
				IPHONEOS_DEPLOYMENT_TARGET = 11.0;
				MTL_ENABLE_DEBUG_INFO = NO;
				SDKROOT = iphoneos;
				VALIDATE_PRODUCT = YES;
			};
			name = Release;
		};
		C20F182B1F8D22C800D68B4F /* Debug */ = {
			isa = XCBuildConfiguration;
			buildSettings = {
				ASSETCATALOG_COMPILER_APPICON_NAME = AppIcon;
				CODE_SIGN_STYLE = Automatic;
				INFOPLIST_FILE = Demo/Info.plist;
				LD_RUNPATH_SEARCH_PATHS = "$(inherited) @executable_path/Frameworks";
				PRODUCT_BUNDLE_IDENTIFIER = WENBO.Demo;
				PRODUCT_NAME = "$(TARGET_NAME)";
				TARGETED_DEVICE_FAMILY = "1,2";
			};
			name = Debug;
		};
		C20F182C1F8D22C800D68B4F /* Release */ = {
			isa = XCBuildConfiguration;
			buildSettings = {
				ASSETCATALOG_COMPILER_APPICON_NAME = AppIcon;
				CODE_SIGN_STYLE = Automatic;
				INFOPLIST_FILE = Demo/Info.plist;
				LD_RUNPATH_SEARCH_PATHS = "$(inherited) @executable_path/Frameworks";
				PRODUCT_BUNDLE_IDENTIFIER = WENBO.Demo;
				PRODUCT_NAME = "$(TARGET_NAME)";
				TARGETED_DEVICE_FAMILY = "1,2";
			};
			name = Release;
		};
/* End XCBuildConfiguration section */

/* Begin XCConfigurationList section */
		C20F180F1F8D22C800D68B4F /* Build configuration list for PBXProject "Demo" */ = {
			isa = XCConfigurationList;
			buildConfigurations = (
				C20F18281F8D22C800D68B4F /* Debug */,
				C20F18291F8D22C800D68B4F /* Release */,
			);
			defaultConfigurationIsVisible = 0;
			defaultConfigurationName = Release;
		};
		C20F182A1F8D22C800D68B4F /* Build configuration list for PBXNativeTarget "Demo" */ = {
			isa = XCConfigurationList;
			buildConfigurations = (
				C20F182B1F8D22C800D68B4F /* Debug */,
				C20F182C1F8D22C800D68B4F /* Release */,
			);
			defaultConfigurationIsVisible = 0;
			defaultConfigurationName = Release;
		};
/* End XCConfigurationList section */
	};
	rootObject = C20F180C1F8D22C800D68B4F /* Project object */;
}
