// !$*UTF8*$!
{
	archiveVersion = 1;
	classes = {
	};
	objectVersion = 48;
	objects = {

/* Begin PBXBuildFile section */
		8490C9E51FA0B20200A05123 /* NSArray+WBAdditional.m in Sources */ = {isa = PBXBuildFile; fileRef = 8490C9E41FA0B20200A05123 /* NSArray+WBAdditional.m */; };
		C2E173561F87B70600709C86 /* AppDelegate.m in Sources */ = {isa = PBXBuildFile; fileRef = C2E173551F87B70600709C86 /* AppDelegate.m */; };
		C2E173591F87B70600709C86 /* ViewController.m in Sources */ = {isa = PBXBuildFile; fileRef = C2E173581F87B70600709C86 /* ViewController.m */; };
		C2E1735C1F87B70600709C86 /* Main.storyboard in Resources */ = {isa = PBXBuildFile; fileRef = C2E1735A1F87B70600709C86 /* Main.storyboard */; };
		C2E1735E1F87B70600709C86 /* Assets.xcassets in Resources */ = {isa = PBXBuildFile; fileRef = C2E1735D1F87B70600709C86 /* Assets.xcassets */; };
		C2E173611F87B70600709C86 /* LaunchScreen.storyboard in Resources */ = {isa = PBXBuildFile; fileRef = C2E1735F1F87B70600709C86 /* LaunchScreen.storyboard */; };
		C2E173641F87B70600709C86 /* main.m in Sources */ = {isa = PBXBuildFile; fileRef = C2E173631F87B70600709C86 /* main.m */; };
		C2E1736D1F87B75A00709C86 /* WBCommonUtility.m in Sources */ = {isa = PBXBuildFile; fileRef = C2E1736C1F87B75A00709C86 /* WBCommonUtility.m */; };
/* End PBXBuildFile section */

/* Begin PBXFileReference section */
		8490C9E31FA0B20200A05123 /* NSArray+WBAdditional.h */ = {isa = PBXFileReference; fileEncoding = 4; lastKnownFileType = sourcecode.c.h; path = "NSArray+WBAdditional.h"; sourceTree = "<group>"; };
		8490C9E41FA0B20200A05123 /* NSArray+WBAdditional.m */ = {isa = PBXFileReference; fileEncoding = 4; lastKnownFileType = sourcecode.c.objc; path = "NSArray+WBAdditional.m"; sourceTree = "<group>"; };
		C2E173511F87B70600709C86 /* Demo.app */ = {isa = PBXFileReference; explicitFileType = wrapper.application; includeInIndex = 0; path = Demo.app; sourceTree = BUILT_PRODUCTS_DIR; };
		C2E173541F87B70600709C86 /* AppDelegate.h */ = {isa = PBXFileReference; lastKnownFileType = sourcecode.c.h; path = AppDelegate.h; sourceTree = "<group>"; };
		C2E173551F87B70600709C86 /* AppDelegate.m */ = {isa = PBXFileReference; lastKnownFileType = sourcecode.c.objc; path = AppDelegate.m; sourceTree = "<group>"; };
		C2E173571F87B70600709C86 /* ViewController.h */ = {isa = PBXFileReference; lastKnownFileType = sourcecode.c.h; path = ViewController.h; sourceTree = "<group>"; };
		C2E173581F87B70600709C86 /* ViewController.m */ = {isa = PBXFileReference; lastKnownFileType = sourcecode.c.objc; path = ViewController.m; sourceTree = "<group>"; };
		C2E1735B1F87B70600709C86 /* Base */ = {isa = PBXFileReference; lastKnownFileType = file.storyboard; name = Base; path = Base.lproj/Main.storyboard; sourceTree = "<group>"; };
		C2E1735D1F87B70600709C86 /* Assets.xcassets */ = {isa = PBXFileReference; lastKnownFileType = folder.assetcatalog; path = Assets.xcassets; sourceTree = "<group>"; };
		C2E173601F87B70600709C86 /* Base */ = {isa = PBXFileReference; lastKnownFileType = file.storyboard; name = Base; path = Base.lproj/LaunchScreen.storyboard; sourceTree = "<group>"; };
		C2E173621F87B70600709C86 /* Info.plist */ = {isa = PBXFileReference; lastKnownFileType = text.plist.xml; path = Info.plist; sourceTree = "<group>"; };
		C2E173631F87B70600709C86 /* main.m */ = {isa = PBXFileReference; lastKnownFileType = sourcecode.c.objc; path = main.m; sourceTree = "<group>"; };
		C2E1736B1F87B75A00709C86 /* WBCommonUtility.h */ = {isa = PBXFileReference; lastKnownFileType = sourcecode.c.h; path = WBCommonUtility.h; sourceTree = "<group>"; };
		C2E1736C1F87B75A00709C86 /* WBCommonUtility.m */ = {isa = PBXFileReference; lastKnownFileType = sourcecode.c.objc; path = WBCommonUtility.m; sourceTree = "<group>"; };
/* End PBXFileReference section */

/* Begin PBXFrameworksBuildPhase section */
		C2E1734E1F87B70600709C86 /* Frameworks */ = {
			isa = PBXFrameworksBuildPhase;
			buildActionMask = 2147483647;
			files = (
			);
			runOnlyForDeploymentPostprocessing = 0;
		};
/* End PBXFrameworksBuildPhase section */

/* Begin PBXGroup section */
		8490C9E21FA0B20200A05123 /* NSArray+WBAdditional */ = {
			isa = PBXGroup;
			children = (
				8490C9E31FA0B20200A05123 /* NSArray+WBAdditional.h */,
				8490C9E41FA0B20200A05123 /* NSArray+WBAdditional.m */,
			);
			path = "NSArray+WBAdditional";
			sourceTree = "<group>";
		};
		C2E173481F87B70600709C86 = {
			isa = PBXGroup;
			children = (
				C2E173531F87B70600709C86 /* Demo */,
				C2E173521F87B70600709C86 /* Products */,
			);
			sourceTree = "<group>";
		};
		C2E173521F87B70600709C86 /* Products */ = {
			isa = PBXGroup;
			children = (
				C2E173511F87B70600709C86 /* Demo.app */,
			);
			name = Products;
			sourceTree = "<group>";
		};
		C2E173531F87B70600709C86 /* Demo */ = {
			isa = PBXGroup;
			children = (
				8490C9E21FA0B20200A05123 /* NSArray+WBAdditional */,
				C2E1736A1F87B73700709C86 /* WBCommonUtility */,
				C2E173541F87B70600709C86 /* AppDelegate.h */,
				C2E173551F87B70600709C86 /* AppDelegate.m */,
				C2E173571F87B70600709C86 /* ViewController.h */,
				C2E173581F87B70600709C86 /* ViewController.m */,
				C2E1735A1F87B70600709C86 /* Main.storyboard */,
				C2E1735D1F87B70600709C86 /* Assets.xcassets */,
				C2E1735F1F87B70600709C86 /* LaunchScreen.storyboard */,
				C2E173621F87B70600709C86 /* Info.plist */,
				C2E173631F87B70600709C86 /* main.m */,
			);
			path = Demo;
			sourceTree = "<group>";
		};
		C2E1736A1F87B73700709C86 /* WBCommonUtility */ = {
			isa = PBXGroup;
			children = (
				C2E1736B1F87B75A00709C86 /* WBCommonUtility.h */,
				C2E1736C1F87B75A00709C86 /* WBCommonUtility.m */,
			);
			path = WBCommonUtility;
			sourceTree = "<group>";
		};
/* End PBXGroup section */

/* Begin PBXNativeTarget section */
		C2E173501F87B70600709C86 /* Demo */ = {
			isa = PBXNativeTarget;
			buildConfigurationList = C2E173671F87B70600709C86 /* Build configuration list for PBXNativeTarget "Demo" */;
			buildPhases = (
				C2E1734D1F87B70600709C86 /* Sources */,
				C2E1734E1F87B70600709C86 /* Frameworks */,
				C2E1734F1F87B70600709C86 /* Resources */,
			);
			buildRules = (
			);
			dependencies = (
			);
			name = Demo;
			productName = Demo;
			productReference = C2E173511F87B70600709C86 /* Demo.app */;
			productType = "com.apple.product-type.application";
		};
/* End PBXNativeTarget section */

/* Begin PBXProject section */
		C2E173491F87B70600709C86 /* Project object */ = {
			isa = PBXProject;
			attributes = {
				LastUpgradeCheck = 0900;
				ORGANIZATIONNAME = WMB;
				TargetAttributes = {
					C2E173501F87B70600709C86 = {
						CreatedOnToolsVersion = 9.0;
						ProvisioningStyle = Automatic;
					};
				};
			};
			buildConfigurationList = C2E1734C1F87B70600709C86 /* Build configuration list for PBXProject "Demo" */;
			compatibilityVersion = "Xcode 8.0";
			developmentRegion = en;
			hasScannedForEncodings = 0;
			knownRegions = (
				en,
				Base,
			);
			mainGroup = C2E173481F87B70600709C86;
			productRefGroup = C2E173521F87B70600709C86 /* Products */;
			projectDirPath = "";
			projectRoot = "";
			targets = (
				C2E173501F87B70600709C86 /* Demo */,
			);
		};
/* End PBXProject section */

/* Begin PBXResourcesBuildPhase section */
		C2E1734F1F87B70600709C86 /* Resources */ = {
			isa = PBXResourcesBuildPhase;
			buildActionMask = 2147483647;
			files = (
				C2E173611F87B70600709C86 /* LaunchScreen.storyboard in Resources */,
				C2E1735E1F87B70600709C86 /* Assets.xcassets in Resources */,
				C2E1735C1F87B70600709C86 /* Main.storyboard in Resources */,
			);
			runOnlyForDeploymentPostprocessing = 0;
		};
/* End PBXResourcesBuildPhase section */

/* Begin PBXSourcesBuildPhase section */
		C2E1734D1F87B70600709C86 /* Sources */ = {
			isa = PBXSourcesBuildPhase;
			buildActionMask = 2147483647;
			files = (
				C2E173591F87B70600709C86 /* ViewController.m in Sources */,
				C2E173641F87B70600709C86 /* main.m in Sources */,
				C2E1736D1F87B75A00709C86 /* WBCommonUtility.m in Sources */,
				8490C9E51FA0B20200A05123 /* NSArray+WBAdditional.m in Sources */,
				C2E173561F87B70600709C86 /* AppDelegate.m in Sources */,
			);
			runOnlyForDeploymentPostprocessing = 0;
		};
/* End PBXSourcesBuildPhase section */

/* Begin PBXVariantGroup section */
		C2E1735A1F87B70600709C86 /* Main.storyboard */ = {
			isa = PBXVariantGroup;
			children = (
				C2E1735B1F87B70600709C86 /* Base */,
			);
			name = Main.storyboard;
			sourceTree = "<group>";
		};
		C2E1735F1F87B70600709C86 /* LaunchScreen.storyboard */ = {
			isa = PBXVariantGroup;
			children = (
				C2E173601F87B70600709C86 /* Base */,
			);
			name = LaunchScreen.storyboard;
			sourceTree = "<group>";
		};
/* End PBXVariantGroup section */

/* Begin XCBuildConfiguration section */
		C2E173651F87B70600709C86 /* Debug */ = {
			isa = XCBuildConfiguration;
			buildSettings = {
				ALWAYS_SEARCH_USER_PATHS = NO;
				CLANG_ANALYZER_NONNULL = YES;
				CLANG_ANALYZER_NUMBER_OBJECT_CONVERSION = YES_AGGRESSIVE;
				CLANG_CXX_LANGUAGE_STANDARD = "gnu++14";
				CLANG_CXX_LIBRARY = "libc++";
				CLANG_ENABLE_MODULES = YES;
				CLANG_ENABLE_OBJC_ARC = YES;
				CLANG_WARN_BLOCK_CAPTURE_AUTORELEASING = YES;
				CLANG_WARN_BOOL_CONVERSION = YES;
				CLANG_WARN_COMMA = YES;
				CLANG_WARN_CONSTANT_CONVERSION = YES;
				CLANG_WARN_DIRECT_OBJC_ISA_USAGE = YES_ERROR;
				CLANG_WARN_DOCUMENTATION_COMMENTS = YES;
				CLANG_WARN_EMPTY_BODY = YES;
				CLANG_WARN_ENUM_CONVERSION = YES;
				CLANG_WARN_INFINITE_RECURSION = YES;
				CLANG_WARN_INT_CONVERSION = YES;
				CLANG_WARN_NON_LITERAL_NULL_CONVERSION = YES;
				CLANG_WARN_OBJC_LITERAL_CONVERSION = YES;
				CLANG_WARN_OBJC_ROOT_CLASS = YES_ERROR;
				CLANG_WARN_RANGE_LOOP_ANALYSIS = YES;
				CLANG_WARN_STRICT_PROTOTYPES = YES;
				CLANG_WARN_SUSPICIOUS_MOVE = YES;
				CLANG_WARN_UNGUARDED_AVAILABILITY = YES_AGGRESSIVE;
				CLANG_WARN_UNREACHABLE_CODE = YES;
				CLANG_WARN__DUPLICATE_METHOD_MATCH = YES;
				CODE_SIGN_IDENTITY = "iPhone Developer";
				COPY_PHASE_STRIP = NO;
				DEBUG_INFORMATION_FORMAT = dwarf;
				ENABLE_STRICT_OBJC_MSGSEND = YES;
				ENABLE_TESTABILITY = YES;
				GCC_C_LANGUAGE_STANDARD = gnu11;
				GCC_DYNAMIC_NO_PIC = NO;
				GCC_NO_COMMON_BLOCKS = YES;
				GCC_OPTIMIZATION_LEVEL = 0;
				GCC_PREPROCESSOR_DEFINITIONS = (
					"DEBUG=1",
					"$(inherited)",
				);
				GCC_WARN_64_TO_32_BIT_CONVERSION = YES;
				GCC_WARN_ABOUT_RETURN_TYPE = YES_ERROR;
				GCC_WARN_UNDECLARED_SELECTOR = YES;
				GCC_WARN_UNINITIALIZED_AUTOS = YES_AGGRESSIVE;
				GCC_WARN_UNUSED_FUNCTION = YES;
				GCC_WARN_UNUSED_VARIABLE = YES;
				IPHONEOS_DEPLOYMENT_TARGET = 11.0;
				MTL_ENABLE_DEBUG_INFO = YES;
				ONLY_ACTIVE_ARCH = YES;
				SDKROOT = iphoneos;
			};
			name = Debug;
		};
		C2E173661F87B70600709C86 /* Release */ = {
			isa = XCBuildConfiguration;
			buildSettings = {
				ALWAYS_SEARCH_USER_PATHS = NO;
				CLANG_ANALYZER_NONNULL = YES;
				CLANG_ANALYZER_NUMBER_OBJECT_CONVERSION = YES_AGGRESSIVE;
				CLANG_CXX_LANGUAGE_STANDARD = "gnu++14";
				CLANG_CXX_LIBRARY = "libc++";
				CLANG_ENABLE_MODULES = YES;
				CLANG_ENABLE_OBJC_ARC = YES;
				CLANG_WARN_BLOCK_CAPTURE_AUTORELEASING = YES;
				CLANG_WARN_BOOL_CONVERSION = YES;
				CLANG_WARN_COMMA = YES;
				CLANG_WARN_CONSTANT_CONVERSION = YES;
				CLANG_WARN_DIRECT_OBJC_ISA_USAGE = YES_ERROR;
				CLANG_WARN_DOCUMENTATION_COMMENTS = YES;
				CLANG_WARN_EMPTY_BODY = YES;
				CLANG_WARN_ENUM_CONVERSION = YES;
				CLANG_WARN_INFINITE_RECURSION = YES;
				CLANG_WARN_INT_CONVERSION = YES;
				CLANG_WARN_NON_LITERAL_NULL_CONVERSION = YES;
				CLANG_WARN_OBJC_LITERAL_CONVERSION = YES;
				CLANG_WARN_OBJC_ROOT_CLASS = YES_ERROR;
				CLANG_WARN_RANGE_LOOP_ANALYSIS = YES;
				CLANG_WARN_STRICT_PROTOTYPES = YES;
				CLANG_WARN_SUSPICIOUS_MOVE = YES;
				CLANG_WARN_UNGUARDED_AVAILABILITY = YES_AGGRESSIVE;
				CLANG_WARN_UNREACHABLE_CODE = YES;
				CLANG_WARN__DUPLICATE_METHOD_MATCH = YES;
				CODE_SIGN_IDENTITY = "iPhone Developer";
				COPY_PHASE_STRIP = NO;
				DEBUG_INFORMATION_FORMAT = "dwarf-with-dsym";
				ENABLE_NS_ASSERTIONS = NO;
				ENABLE_STRICT_OBJC_MSGSEND = YES;
				GCC_C_LANGUAGE_STANDARD = gnu11;
				GCC_NO_COMMON_BLOCKS = YES;
				GCC_WARN_64_TO_32_BIT_CONVERSION = YES;
				GCC_WARN_ABOUT_RETURN_TYPE = YES_ERROR;
				GCC_WARN_UNDECLARED_SELECTOR = YES;
				GCC_WARN_UNINITIALIZED_AUTOS = YES_AGGRESSIVE;
				GCC_WARN_UNUSED_FUNCTION = YES;
				GCC_WARN_UNUSED_VARIABLE = YES;
				IPHONEOS_DEPLOYMENT_TARGET = 11.0;
				MTL_ENABLE_DEBUG_INFO = NO;
				SDKROOT = iphoneos;
				VALIDATE_PRODUCT = YES;
			};
			name = Release;
		};
		C2E173681F87B70600709C86 /* Debug */ = {
			isa = XCBuildConfiguration;
			buildSettings = {
				ASSETCATALOG_COMPILER_APPICON_NAME = AppIcon;
				CODE_SIGN_STYLE = Automatic;
				INFOPLIST_FILE = Demo/Info.plist;
				LD_RUNPATH_SEARCH_PATHS = "$(inherited) @executable_path/Frameworks";
				PRODUCT_BUNDLE_IDENTIFIER = WENBO.Demo;
				PRODUCT_NAME = "$(TARGET_NAME)";
				TARGETED_DEVICE_FAMILY = "1,2";
			};
			name = Debug;
		};
		C2E173691F87B70600709C86 /* Release */ = {
			isa = XCBuildConfiguration;
			buildSettings = {
				ASSETCATALOG_COMPILER_APPICON_NAME = AppIcon;
				CODE_SIGN_STYLE = Automatic;
				INFOPLIST_FILE = Demo/Info.plist;
				LD_RUNPATH_SEARCH_PATHS = "$(inherited) @executable_path/Frameworks";
				PRODUCT_BUNDLE_IDENTIFIER = WENBO.Demo;
				PRODUCT_NAME = "$(TARGET_NAME)";
				TARGETED_DEVICE_FAMILY = "1,2";
			};
			name = Release;
		};
/* End XCBuildConfiguration section */

/* Begin XCConfigurationList section */
		C2E1734C1F87B70600709C86 /* Build configuration list for PBXProject "Demo" */ = {
			isa = XCConfigurationList;
			buildConfigurations = (
				C2E173651F87B70600709C86 /* Debug */,
				C2E173661F87B70600709C86 /* Release */,
			);
			defaultConfigurationIsVisible = 0;
			defaultConfigurationName = Release;
		};
		C2E173671F87B70600709C86 /* Build configuration list for PBXNativeTarget "Demo" */ = {
			isa = XCConfigurationList;
			buildConfigurations = (
				C2E173681F87B70600709C86 /* Debug */,
				C2E173691F87B70600709C86 /* Release */,
			);
			defaultConfigurationIsVisible = 0;
			defaultConfigurationName = Release;
		};
/* End XCConfigurationList section */
	};
	rootObject = C2E173491F87B70600709C86 /* Project object */;
}
