// !$*UTF8*$!
{
	archiveVersion = 1;
	classes = {
	};
	objectVersion = 48;
	objects = {

/* Begin PBXBuildFile section */
		8410B17C2011F8D7006EA146 /* AppDelegate.m in Sources */ = {isa = PBXBuildFile; fileRef = 8410B17B2011F8D7006EA146 /* AppDelegate.m */; };
		8410B17F2011F8D7006EA146 /* ViewController.m in Sources */ = {isa = PBXBuildFile; fileRef = 8410B17E2011F8D7006EA146 /* ViewController.m */; };
		8410B1822011F8D7006EA146 /* Main.storyboard in Resources */ = {isa = PBXBuildFile; fileRef = 8410B1802011F8D7006EA146 /* Main.storyboard */; };
		8410B1842011F8D7006EA146 /* Assets.xcassets in Resources */ = {isa = PBXBuildFile; fileRef = 8410B1832011F8D7006EA146 /* Assets.xcassets */; };
		8410B1872011F8D7006EA146 /* LaunchScreen.storyboard in Resources */ = {isa = PBXBuildFile; fileRef = 8410B1852011F8D7006EA146 /* LaunchScreen.storyboard */; };
		8410B18A2011F8D7006EA146 /* main.m in Sources */ = {isa = PBXBuildFile; fileRef = 8410B1892011F8D7006EA146 /* main.m */; };
		8410B1932011F8F9006EA146 /* WBPublishPopView.m in Sources */ = {isa = PBXBuildFile; fileRef = 8410B1922011F8F9006EA146 /* WBPublishPopView.m */; };
		8410B1962011FA3B006EA146 /* WBPublishPopItem.m in Sources */ = {isa = PBXBuildFile; fileRef = 8410B1952011FA3B006EA146 /* WBPublishPopItem.m */; };
		8410B1992011FEC7006EA146 /* WBPublishPopBottomBar.m in Sources */ = {isa = PBXBuildFile; fileRef = 8410B1982011FEC7006EA146 /* WBPublishPopBottomBar.m */; };
		8410B19C20120030006EA146 /* WBPublishPopContainerView.m in Sources */ = {isa = PBXBuildFile; fileRef = 8410B19B20120030006EA146 /* WBPublishPopContainerView.m */; };
		8410B19F20120087006EA146 /* WBPublishPopBtn.m in Sources */ = {isa = PBXBuildFile; fileRef = 8410B19E20120087006EA146 /* WBPublishPopBtn.m */; };
		8410B1A520120210006EA146 /* UIView+WBPublishPopAnimation.m in Sources */ = {isa = PBXBuildFile; fileRef = 8410B1A420120210006EA146 /* UIView+WBPublishPopAnimation.m */; };
/* End PBXBuildFile section */

/* Begin PBXFileReference section */
		8410B1772011F8D7006EA146 /* WBPopView.app */ = {isa = PBXFileReference; explicitFileType = wrapper.application; includeInIndex = 0; path = WBPopView.app; sourceTree = BUILT_PRODUCTS_DIR; };
		8410B17A2011F8D7006EA146 /* AppDelegate.h */ = {isa = PBXFileReference; lastKnownFileType = sourcecode.c.h; path = AppDelegate.h; sourceTree = "<group>"; };
		8410B17B2011F8D7006EA146 /* AppDelegate.m */ = {isa = PBXFileReference; lastKnownFileType = sourcecode.c.objc; path = AppDelegate.m; sourceTree = "<group>"; };
		8410B17D2011F8D7006EA146 /* ViewController.h */ = {isa = PBXFileReference; lastKnownFileType = sourcecode.c.h; path = ViewController.h; sourceTree = "<group>"; };
		8410B17E2011F8D7006EA146 /* ViewController.m */ = {isa = PBXFileReference; lastKnownFileType = sourcecode.c.objc; path = ViewController.m; sourceTree = "<group>"; };
		8410B1812011F8D7006EA146 /* Base */ = {isa = PBXFileReference; lastKnownFileType = file.storyboard; name = Base; path = Base.lproj/Main.storyboard; sourceTree = "<group>"; };
		8410B1832011F8D7006EA146 /* Assets.xcassets */ = {isa = PBXFileReference; lastKnownFileType = folder.assetcatalog; path = Assets.xcassets; sourceTree = "<group>"; };
		8410B1862011F8D7006EA146 /* Base */ = {isa = PBXFileReference; lastKnownFileType = file.storyboard; name = Base; path = Base.lproj/LaunchScreen.storyboard; sourceTree = "<group>"; };
		8410B1882011F8D7006EA146 /* Info.plist */ = {isa = PBXFileReference; lastKnownFileType = text.plist.xml; path = Info.plist; sourceTree = "<group>"; };
		8410B1892011F8D7006EA146 /* main.m */ = {isa = PBXFileReference; lastKnownFileType = sourcecode.c.objc; path = main.m; sourceTree = "<group>"; };
		8410B1912011F8F9006EA146 /* WBPublishPopView.h */ = {isa = PBXFileReference; lastKnownFileType = sourcecode.c.h; path = WBPublishPopView.h; sourceTree = "<group>"; };
		8410B1922011F8F9006EA146 /* WBPublishPopView.m */ = {isa = PBXFileReference; lastKnownFileType = sourcecode.c.objc; path = WBPublishPopView.m; sourceTree = "<group>"; };
		8410B1942011FA3B006EA146 /* WBPublishPopItem.h */ = {isa = PBXFileReference; lastKnownFileType = sourcecode.c.h; path = WBPublishPopItem.h; sourceTree = "<group>"; };
		8410B1952011FA3B006EA146 /* WBPublishPopItem.m */ = {isa = PBXFileReference; lastKnownFileType = sourcecode.c.objc; path = WBPublishPopItem.m; sourceTree = "<group>"; };
		8410B1972011FEC7006EA146 /* WBPublishPopBottomBar.h */ = {isa = PBXFileReference; lastKnownFileType = sourcecode.c.h; path = WBPublishPopBottomBar.h; sourceTree = "<group>"; };
		8410B1982011FEC7006EA146 /* WBPublishPopBottomBar.m */ = {isa = PBXFileReference; lastKnownFileType = sourcecode.c.objc; path = WBPublishPopBottomBar.m; sourceTree = "<group>"; };
		8410B19A20120030006EA146 /* WBPublishPopContainerView.h */ = {isa = PBXFileReference; lastKnownFileType = sourcecode.c.h; path = WBPublishPopContainerView.h; sourceTree = "<group>"; };
		8410B19B20120030006EA146 /* WBPublishPopContainerView.m */ = {isa = PBXFileReference; lastKnownFileType = sourcecode.c.objc; path = WBPublishPopContainerView.m; sourceTree = "<group>"; };
		8410B19D20120087006EA146 /* WBPublishPopBtn.h */ = {isa = PBXFileReference; lastKnownFileType = sourcecode.c.h; path = WBPublishPopBtn.h; sourceTree = "<group>"; };
		8410B19E20120087006EA146 /* WBPublishPopBtn.m */ = {isa = PBXFileReference; lastKnownFileType = sourcecode.c.objc; path = WBPublishPopBtn.m; sourceTree = "<group>"; };
		8410B1A320120210006EA146 /* UIView+WBPublishPopAnimation.h */ = {isa = PBXFileReference; lastKnownFileType = sourcecode.c.h; path = "UIView+WBPublishPopAnimation.h"; sourceTree = "<group>"; };
		8410B1A420120210006EA146 /* UIView+WBPublishPopAnimation.m */ = {isa = PBXFileReference; lastKnownFileType = sourcecode.c.objc; path = "UIView+WBPublishPopAnimation.m"; sourceTree = "<group>"; };
/* End PBXFileReference section */

/* Begin PBXFrameworksBuildPhase section */
		8410B1742011F8D7006EA146 /* Frameworks */ = {
			isa = PBXFrameworksBuildPhase;
			buildActionMask = 2147483647;
			files = (
			);
			runOnlyForDeploymentPostprocessing = 0;
		};
/* End PBXFrameworksBuildPhase section */

/* Begin PBXGroup section */
		8410B16E2011F8D7006EA146 = {
			isa = PBXGroup;
			children = (
				8410B1792011F8D7006EA146 /* WBPopView */,
				8410B1782011F8D7006EA146 /* Products */,
			);
			sourceTree = "<group>";
		};
		8410B1782011F8D7006EA146 /* Products */ = {
			isa = PBXGroup;
			children = (
				8410B1772011F8D7006EA146 /* WBPopView.app */,
			);
			name = Products;
			sourceTree = "<group>";
		};
		8410B1792011F8D7006EA146 /* WBPopView */ = {
			isa = PBXGroup;
			children = (
				8410B1902011F8EB006EA146 /* WBPopView */,
				8410B17A2011F8D7006EA146 /* AppDelegate.h */,
				8410B17B2011F8D7006EA146 /* AppDelegate.m */,
				8410B17D2011F8D7006EA146 /* ViewController.h */,
				8410B17E2011F8D7006EA146 /* ViewController.m */,
				8410B1802011F8D7006EA146 /* Main.storyboard */,
				8410B1832011F8D7006EA146 /* Assets.xcassets */,
				8410B1852011F8D7006EA146 /* LaunchScreen.storyboard */,
				8410B1882011F8D7006EA146 /* Info.plist */,
				8410B1892011F8D7006EA146 /* main.m */,
			);
			path = WBPopView;
			sourceTree = "<group>";
		};
		8410B1902011F8EB006EA146 /* WBPopView */ = {
			isa = PBXGroup;
			children = (
				8410B1912011F8F9006EA146 /* WBPublishPopView.h */,
				8410B1922011F8F9006EA146 /* WBPublishPopView.m */,
				8410B1942011FA3B006EA146 /* WBPublishPopItem.h */,
				8410B1952011FA3B006EA146 /* WBPublishPopItem.m */,
				8410B1972011FEC7006EA146 /* WBPublishPopBottomBar.h */,
				8410B1982011FEC7006EA146 /* WBPublishPopBottomBar.m */,
				8410B19A20120030006EA146 /* WBPublishPopContainerView.h */,
				8410B19B20120030006EA146 /* WBPublishPopContainerView.m */,
				8410B19D20120087006EA146 /* WBPublishPopBtn.h */,
				8410B19E20120087006EA146 /* WBPublishPopBtn.m */,
				8410B1A320120210006EA146 /* UIView+WBPublishPopAnimation.h */,
				8410B1A420120210006EA146 /* UIView+WBPublishPopAnimation.m */,
			);
			path = WBPopView;
			sourceTree = "<group>";
		};
/* End PBXGroup section */

/* Begin PBXNativeTarget section */
		8410B1762011F8D7006EA146 /* WBPopView */ = {
			isa = PBXNativeTarget;
			buildConfigurationList = 8410B18D2011F8D7006EA146 /* Build configuration list for PBXNativeTarget "WBPopView" */;
			buildPhases = (
				8410B1732011F8D7006EA146 /* Sources */,
				8410B1742011F8D7006EA146 /* Frameworks */,
				8410B1752011F8D7006EA146 /* Resources */,
			);
			buildRules = (
			);
			dependencies = (
			);
			name = WBPopView;
			productName = WBPopView;
			productReference = 8410B1772011F8D7006EA146 /* WBPopView.app */;
			productType = "com.apple.product-type.application";
		};
/* End PBXNativeTarget section */

/* Begin PBXProject section */
		8410B16F2011F8D7006EA146 /* Project object */ = {
			isa = PBXProject;
			attributes = {
				LastUpgradeCheck = 0920;
				ORGANIZATIONNAME = WENBO;
				TargetAttributes = {
					8410B1762011F8D7006EA146 = {
						CreatedOnToolsVersion = 9.2;
						ProvisioningStyle = Automatic;
					};
				};
			};
			buildConfigurationList = 8410B1722011F8D7006EA146 /* Build configuration list for PBXProject "WBPopView" */;
			compatibilityVersion = "Xcode 8.0";
			developmentRegion = en;
			hasScannedForEncodings = 0;
			knownRegions = (
				en,
				Base,
			);
			mainGroup = 8410B16E2011F8D7006EA146;
			productRefGroup = 8410B1782011F8D7006EA146 /* Products */;
			projectDirPath = "";
			projectRoot = "";
			targets = (
				8410B1762011F8D7006EA146 /* WBPopView */,
			);
		};
/* End PBXProject section */

/* Begin PBXResourcesBuildPhase section */
		8410B1752011F8D7006EA146 /* Resources */ = {
			isa = PBXResourcesBuildPhase;
			buildActionMask = 2147483647;
			files = (
				8410B1872011F8D7006EA146 /* LaunchScreen.storyboard in Resources */,
				8410B1842011F8D7006EA146 /* Assets.xcassets in Resources */,
				8410B1822011F8D7006EA146 /* Main.storyboard in Resources */,
			);
			runOnlyForDeploymentPostprocessing = 0;
		};
/* End PBXResourcesBuildPhase section */

/* Begin PBXSourcesBuildPhase section */
		8410B1732011F8D7006EA146 /* Sources */ = {
			isa = PBXSourcesBuildPhase;
			buildActionMask = 2147483647;
			files = (
				8410B17F2011F8D7006EA146 /* ViewController.m in Sources */,
				8410B1992011FEC7006EA146 /* WBPublishPopBottomBar.m in Sources */,
				8410B1932011F8F9006EA146 /* WBPublishPopView.m in Sources */,
				8410B18A2011F8D7006EA146 /* main.m in Sources */,
				8410B19C20120030006EA146 /* WBPublishPopContainerView.m in Sources */,
				8410B1A520120210006EA146 /* UIView+WBPublishPopAnimation.m in Sources */,
				8410B17C2011F8D7006EA146 /* AppDelegate.m in Sources */,
				8410B1962011FA3B006EA146 /* WBPublishPopItem.m in Sources */,
				8410B19F20120087006EA146 /* WBPublishPopBtn.m in Sources */,
			);
			runOnlyForDeploymentPostprocessing = 0;
		};
/* End PBXSourcesBuildPhase section */

/* Begin PBXVariantGroup section */
		8410B1802011F8D7006EA146 /* Main.storyboard */ = {
			isa = PBXVariantGroup;
			children = (
				8410B1812011F8D7006EA146 /* Base */,
			);
			name = Main.storyboard;
			sourceTree = "<group>";
		};
		8410B1852011F8D7006EA146 /* LaunchScreen.storyboard */ = {
			isa = PBXVariantGroup;
			children = (
				8410B1862011F8D7006EA146 /* Base */,
			);
			name = LaunchScreen.storyboard;
			sourceTree = "<group>";
		};
/* End PBXVariantGroup section */

/* Begin XCBuildConfiguration section */
		8410B18B2011F8D7006EA146 /* Debug */ = {
			isa = XCBuildConfiguration;
			buildSettings = {
				ALWAYS_SEARCH_USER_PATHS = NO;
				CLANG_ANALYZER_NONNULL = YES;
				CLANG_ANALYZER_NUMBER_OBJECT_CONVERSION = YES_AGGRESSIVE;
				CLANG_CXX_LANGUAGE_STANDARD = "gnu++14";
				CLANG_CXX_LIBRARY = "libc++";
				CLANG_ENABLE_MODULES = YES;
				CLANG_ENABLE_OBJC_ARC = YES;
				CLANG_WARN_BLOCK_CAPTURE_AUTORELEASING = YES;
				CLANG_WARN_BOOL_CONVERSION = YES;
				CLANG_WARN_COMMA = YES;
				CLANG_WARN_CONSTANT_CONVERSION = YES;
				CLANG_WARN_DIRECT_OBJC_ISA_USAGE = YES_ERROR;
				CLANG_WARN_DOCUMENTATION_COMMENTS = YES;
				CLANG_WARN_EMPTY_BODY = YES;
				CLANG_WARN_ENUM_CONVERSION = YES;
				CLANG_WARN_INFINITE_RECURSION = YES;
				CLANG_WARN_INT_CONVERSION = YES;
				CLANG_WARN_NON_LITERAL_NULL_CONVERSION = YES;
				CLANG_WARN_OBJC_LITERAL_CONVERSION = YES;
				CLANG_WARN_OBJC_ROOT_CLASS = YES_ERROR;
				CLANG_WARN_RANGE_LOOP_ANALYSIS = YES;
				CLANG_WARN_STRICT_PROTOTYPES = YES;
				CLANG_WARN_SUSPICIOUS_MOVE = YES;
				CLANG_WARN_UNGUARDED_AVAILABILITY = YES_AGGRESSIVE;
				CLANG_WARN_UNREACHABLE_CODE = YES;
				CLANG_WARN__DUPLICATE_METHOD_MATCH = YES;
				CODE_SIGN_IDENTITY = "iPhone Developer";
				COPY_PHASE_STRIP = NO;
				DEBUG_INFORMATION_FORMAT = dwarf;
				ENABLE_STRICT_OBJC_MSGSEND = YES;
				ENABLE_TESTABILITY = YES;
				GCC_C_LANGUAGE_STANDARD = gnu11;
				GCC_DYNAMIC_NO_PIC = NO;
				GCC_NO_COMMON_BLOCKS = YES;
				GCC_OPTIMIZATION_LEVEL = 0;
				GCC_PREPROCESSOR_DEFINITIONS = (
					"DEBUG=1",
					"$(inherited)",
				);
				GCC_WARN_64_TO_32_BIT_CONVERSION = YES;
				GCC_WARN_ABOUT_RETURN_TYPE = YES_ERROR;
				GCC_WARN_UNDECLARED_SELECTOR = YES;
				GCC_WARN_UNINITIALIZED_AUTOS = YES_AGGRESSIVE;
				GCC_WARN_UNUSED_FUNCTION = YES;
				GCC_WARN_UNUSED_VARIABLE = YES;
				IPHONEOS_DEPLOYMENT_TARGET = 11.2;
				MTL_ENABLE_DEBUG_INFO = YES;
				ONLY_ACTIVE_ARCH = YES;
				SDKROOT = iphoneos;
			};
			name = Debug;
		};
		8410B18C2011F8D7006EA146 /* Release */ = {
			isa = XCBuildConfiguration;
			buildSettings = {
				ALWAYS_SEARCH_USER_PATHS = NO;
				CLANG_ANALYZER_NONNULL = YES;
				CLANG_ANALYZER_NUMBER_OBJECT_CONVERSION = YES_AGGRESSIVE;
				CLANG_CXX_LANGUAGE_STANDARD = "gnu++14";
				CLANG_CXX_LIBRARY = "libc++";
				CLANG_ENABLE_MODULES = YES;
				CLANG_ENABLE_OBJC_ARC = YES;
				CLANG_WARN_BLOCK_CAPTURE_AUTORELEASING = YES;
				CLANG_WARN_BOOL_CONVERSION = YES;
				CLANG_WARN_COMMA = YES;
				CLANG_WARN_CONSTANT_CONVERSION = YES;
				CLANG_WARN_DIRECT_OBJC_ISA_USAGE = YES_ERROR;
				CLANG_WARN_DOCUMENTATION_COMMENTS = YES;
				CLANG_WARN_EMPTY_BODY = YES;
				CLANG_WARN_ENUM_CONVERSION = YES;
				CLANG_WARN_INFINITE_RECURSION = YES;
				CLANG_WARN_INT_CONVERSION = YES;
				CLANG_WARN_NON_LITERAL_NULL_CONVERSION = YES;
				CLANG_WARN_OBJC_LITERAL_CONVERSION = YES;
				CLANG_WARN_OBJC_ROOT_CLASS = YES_ERROR;
				CLANG_WARN_RANGE_LOOP_ANALYSIS = YES;
				CLANG_WARN_STRICT_PROTOTYPES = YES;
				CLANG_WARN_SUSPICIOUS_MOVE = YES;
				CLANG_WARN_UNGUARDED_AVAILABILITY = YES_AGGRESSIVE;
				CLANG_WARN_UNREACHABLE_CODE = YES;
				CLANG_WARN__DUPLICATE_METHOD_MATCH = YES;
				CODE_SIGN_IDENTITY = "iPhone Developer";
				COPY_PHASE_STRIP = NO;
				DEBUG_INFORMATION_FORMAT = "dwarf-with-dsym";
				ENABLE_NS_ASSERTIONS = NO;
				ENABLE_STRICT_OBJC_MSGSEND = YES;
				GCC_C_LANGUAGE_STANDARD = gnu11;
				GCC_NO_COMMON_BLOCKS = YES;
				GCC_WARN_64_TO_32_BIT_CONVERSION = YES;
				GCC_WARN_ABOUT_RETURN_TYPE = YES_ERROR;
				GCC_WARN_UNDECLARED_SELECTOR = YES;
				GCC_WARN_UNINITIALIZED_AUTOS = YES_AGGRESSIVE;
				GCC_WARN_UNUSED_FUNCTION = YES;
				GCC_WARN_UNUSED_VARIABLE = YES;
				IPHONEOS_DEPLOYMENT_TARGET = 11.2;
				MTL_ENABLE_DEBUG_INFO = NO;
				SDKROOT = iphoneos;
				VALIDATE_PRODUCT = YES;
			};
			name = Release;
		};
		8410B18E2011F8D7006EA146 /* Debug */ = {
			isa = XCBuildConfiguration;
			buildSettings = {
				ASSETCATALOG_COMPILER_APPICON_NAME = AppIcon;
				CODE_SIGN_STYLE = Automatic;
				INFOPLIST_FILE = WBPopView/Info.plist;
				LD_RUNPATH_SEARCH_PATHS = "$(inherited) @executable_path/Frameworks";
				PRODUCT_BUNDLE_IDENTIFIER = WENBO.WBPopView;
				PRODUCT_NAME = "$(TARGET_NAME)";
				TARGETED_DEVICE_FAMILY = "1,2";
			};
			name = Debug;
		};
		8410B18F2011F8D7006EA146 /* Release */ = {
			isa = XCBuildConfiguration;
			buildSettings = {
				ASSETCATALOG_COMPILER_APPICON_NAME = AppIcon;
				CODE_SIGN_STYLE = Automatic;
				INFOPLIST_FILE = WBPopView/Info.plist;
				LD_RUNPATH_SEARCH_PATHS = "$(inherited) @executable_path/Frameworks";
				PRODUCT_BUNDLE_IDENTIFIER = WENBO.WBPopView;
				PRODUCT_NAME = "$(TARGET_NAME)";
				TARGETED_DEVICE_FAMILY = "1,2";
			};
			name = Release;
		};
/* End XCBuildConfiguration section */

/* Begin XCConfigurationList section */
		8410B1722011F8D7006EA146 /* Build configuration list for PBXProject "WBPopView" */ = {
			isa = XCConfigurationList;
			buildConfigurations = (
				8410B18B2011F8D7006EA146 /* Debug */,
				8410B18C2011F8D7006EA146 /* Release */,
			);
			defaultConfigurationIsVisible = 0;
			defaultConfigurationName = Release;
		};
		8410B18D2011F8D7006EA146 /* Build configuration list for PBXNativeTarget "WBPopView" */ = {
			isa = XCConfigurationList;
			buildConfigurations = (
				8410B18E2011F8D7006EA146 /* Debug */,
				8410B18F2011F8D7006EA146 /* Release */,
			);
			defaultConfigurationIsVisible = 0;
			defaultConfigurationName = Release;
		};
/* End XCConfigurationList section */
	};
	rootObject = 8410B16F2011F8D7006EA146 /* Project object */;
}
